
Microsoft Visual Studio Solution File, Format Version 12.00
# Visual Studio Version 16
VisualStudioVersion = 16.0.30011.22
MinimumVisualStudioVersion = 10.0.40219.1
Project("{FAE04EC0-301F-11D3-BF4B-00C04F79EFBC}") = "WSCasaTradicion", "WSCasaTradicion\WSCasaTradicion.csproj", "{B403AD48-B2AF-4673-A68F-DCAE1991457E}"
EndProject
Project("{FAE04EC0-301F-11D3-BF4B-00C04F79EFBC}") = "WSCasaTradicion.Tests", "WSCasaTradicion.Tests\WSCasaTradicion.Tests.csproj", "{2676E0DE-B02A-4FFC-A179-69BB3CABF434}"
EndProject
Global
	GlobalSection(SolutionConfigurationPlatforms) = preSolution
		Debug|Any CPU = Debug|Any CPU
		Release|Any CPU = Release|Any CPU
	EndGlobalSection
	GlobalSection(ProjectConfigurationPlatforms) = postSolution
		{B403AD48-B2AF-4673-A68F-DCAE1991457E}.Debug|Any CPU.ActiveCfg = Debug|Any CPU
		{B403AD48-B2AF-4673-A68F-DCAE1991457E}.Debug|Any CPU.Build.0 = Debug|Any CPU
		{B403AD48-B2AF-4673-A68F-DCAE1991457E}.Release|Any CPU.ActiveCfg = Release|Any CPU
		{B403AD48-B2AF-4673-A68F-DCAE1991457E}.Release|Any CPU.Build.0 = Release|Any CPU
		{2676E0DE-B02A-4FFC-A179-69BB3CABF434}.Debug|Any CPU.ActiveCfg = Debug|Any CPU
		{2676E0DE-B02A-4FFC-A179-69BB3CABF434}.Debug|Any CPU.Build.0 = Debug|Any CPU
		{2676E0DE-B02A-4FFC-A179-69BB3CABF434}.Release|Any CPU.ActiveCfg = Release|Any CPU
		{2676E0DE-B02A-4FFC-A179-69BB3CABF434}.Release|Any CPU.Build.0 = Release|Any CPU
	EndGlobalSection
	GlobalSection(SolutionProperties) = preSolution
		HideSolutionNode = FALSE
	EndGlobalSection
	GlobalSection(ExtensibilityGlobals) = postSolution
		SolutionGuid = {B3B1EA4F-6417-48FB-B101-ECE6484CA26F}
	EndGlobalSection
EndGlobal
